PODS:
  - APLVideoPlayerView (0.0.7)

DEPENDENCIES:
  - APLVideoPlayerView (~> 0.0.7)

SPEC REPOS:
  https://github.com/cocoapods/specs.git:
    - APLVideoPlayerView

SPEC CHECKSUMS:
  APLVideoPlayerView: 977148bc8b8292401f3a5c7722b15b851291495a

PODFILE CHECKSUM: 129e04495cc76ce376b409bb9f0688044b33011e

COCOAPODS: 1.7.0.beta.3
